
Microsoft Visual Studio Solution File, Format Version 12.00
# Visual Studio Version 16
VisualStudioVersion = 16.0.31005.135
MinimumVisualStudioVersion = 10.0.40219.1
Project("{9A19103F-16F7-4668-BE54-9A1E7A4F7556}") = "NaturKultur.Onlineboken.Client", "NaturKultur.Onlineboken.Client\NaturKultur.Onlineboken.Client.csproj", "{47340D88-8B74-46FE-A361-15F3965D6872}"
EndProject
Project("{FAE04EC0-301F-11D3-BF4B-00C04F79EFBC}") = "NaturKultur.Onlineboken.Client.Tests", "NaturKultur.Onlineboken.Client.Tests\NaturKultur.Onlineboken.Client.Tests.csproj", "{5663F3DD-A05E-4F92-AD61-FF72122862A9}"
EndProject
Project("{FAE04EC0-301F-11D3-BF4B-00C04F79EFBC}") = "NaturKultur.MinaSidor.Client", "NaturKultur.MinaSidor.Client\NaturKultur.MinaSidor.Client.csproj", "{87005A5A-EC29-40EA-A85F-AD3784C18E1C}"
EndProject
Project("{FAE04EC0-301F-11D3-BF4B-00C04F79EFBC}") = "NaturKultur.MinaSidor.Client.Tests", "NaturKultur.MinaSidor.Client.Tests\NaturKultur.MinaSidor.Client.Tests.csproj", "{E9D213B7-0524-477E-83E8-96BF30062AF8}"
EndProject
Project("{2150E333-8FDC-42A3-9474-1A3956D46DE8}") = "Onlineboken", "Onlineboken", "{EC6F91E2-530C-4562-8278-AF54B970EDD2}"
EndProject
Project("{2150E333-8FDC-42A3-9474-1A3956D46DE8}") = "Mina sidor", "Mina sidor", "{C7820BE6-7A58-490A-8643-8FE5B81A581D}"
EndProject
Global
	GlobalSection(SolutionConfigurationPlatforms) = preSolution
		Debug|Any CPU = Debug|Any CPU
		Release|Any CPU = Release|Any CPU
	EndGlobalSection
	GlobalSection(ProjectConfigurationPlatforms) = postSolution
		{47340D88-8B74-46FE-A361-15F3965D6872}.Debug|Any CPU.ActiveCfg = Debug|Any CPU
		{47340D88-8B74-46FE-A361-15F3965D6872}.Debug|Any CPU.Build.0 = Debug|Any CPU
		{47340D88-8B74-46FE-A361-15F3965D6872}.Release|Any CPU.ActiveCfg = Release|Any CPU
		{47340D88-8B74-46FE-A361-15F3965D6872}.Release|Any CPU.Build.0 = Release|Any CPU
		{5663F3DD-A05E-4F92-AD61-FF72122862A9}.Debug|Any CPU.ActiveCfg = Debug|Any CPU
		{5663F3DD-A05E-4F92-AD61-FF72122862A9}.Debug|Any CPU.Build.0 = Debug|Any CPU
		{5663F3DD-A05E-4F92-AD61-FF72122862A9}.Release|Any CPU.ActiveCfg = Release|Any CPU
		{5663F3DD-A05E-4F92-AD61-FF72122862A9}.Release|Any CPU.Build.0 = Release|Any CPU
		{87005A5A-EC29-40EA-A85F-AD3784C18E1C}.Debug|Any CPU.ActiveCfg = Debug|Any CPU
		{87005A5A-EC29-40EA-A85F-AD3784C18E1C}.Debug|Any CPU.Build.0 = Debug|Any CPU
		{87005A5A-EC29-40EA-A85F-AD3784C18E1C}.Release|Any CPU.ActiveCfg = Release|Any CPU
		{87005A5A-EC29-40EA-A85F-AD3784C18E1C}.Release|Any CPU.Build.0 = Release|Any CPU
		{E9D213B7-0524-477E-83E8-96BF30062AF8}.Debug|Any CPU.ActiveCfg = Debug|Any CPU
		{E9D213B7-0524-477E-83E8-96BF30062AF8}.Debug|Any CPU.Build.0 = Debug|Any CPU
		{E9D213B7-0524-477E-83E8-96BF30062AF8}.Release|Any CPU.ActiveCfg = Release|Any CPU
		{E9D213B7-0524-477E-83E8-96BF30062AF8}.Release|Any CPU.Build.0 = Release|Any CPU
	EndGlobalSection
	GlobalSection(SolutionProperties) = preSolution
		HideSolutionNode = FALSE
	EndGlobalSection
	GlobalSection(NestedProjects) = preSolution
		{47340D88-8B74-46FE-A361-15F3965D6872} = {EC6F91E2-530C-4562-8278-AF54B970EDD2}
		{5663F3DD-A05E-4F92-AD61-FF72122862A9} = {EC6F91E2-530C-4562-8278-AF54B970EDD2}
		{87005A5A-EC29-40EA-A85F-AD3784C18E1C} = {C7820BE6-7A58-490A-8643-8FE5B81A581D}
		{E9D213B7-0524-477E-83E8-96BF30062AF8} = {C7820BE6-7A58-490A-8643-8FE5B81A581D}
	EndGlobalSection
	GlobalSection(ExtensibilityGlobals) = postSolution
		SolutionGuid = {5679B5F4-3A0C-4523-8A40-456EFE16E517}
	EndGlobalSection
EndGlobal
