
Microsoft Visual Studio Solution File, Format Version 12.00
# Visual Studio Version 16
VisualStudioVersion = 16.0.31005.135
MinimumVisualStudioVersion = 10.0.40219.1
Project("{FAE04EC0-301F-11D3-BF4B-00C04F79EFBC}") = "NaturKultur.Onlineboken.Client", "NaturKultur.Onlineboken.Client\NaturKultur.Onlineboken.Client.csproj", "{47340D88-8B74-46FE-A361-15F3965D6872}"
EndProject
Global
	GlobalSection(SolutionConfigurationPlatforms) = preSolution
		Debug|Any CPU = Debug|Any CPU
		Release|Any CPU = Release|Any CPU
	EndGlobalSection
	GlobalSection(ProjectConfigurationPlatforms) = postSolution
		{47340D88-8B74-46FE-A361-15F3965D6872}.Debug|Any CPU.ActiveCfg = Debug|Any CPU
		{47340D88-8B74-46FE-A361-15F3965D6872}.Debug|Any CPU.Build.0 = Debug|Any CPU
		{47340D88-8B74-46FE-A361-15F3965D6872}.Release|Any CPU.ActiveCfg = Release|Any CPU
		{47340D88-8B74-46FE-A361-15F3965D6872}.Release|Any CPU.Build.0 = Release|Any CPU
	EndGlobalSection
	GlobalSection(SolutionProperties) = preSolution
		HideSolutionNode = FALSE
	EndGlobalSection
	GlobalSection(ExtensibilityGlobals) = postSolution
		SolutionGuid = {5679B5F4-3A0C-4523-8A40-456EFE16E517}
	EndGlobalSection
EndGlobal
